
Microsoft Visual Studio Solution File, Format Version 12.00
# Visual Studio Version 16
VisualStudioVersion = 16.0.30225.117
MinimumVisualStudioVersion = 10.0.40219.1
Project("{FAE04EC0-301F-11D3-BF4B-00C04F79EFBC}") = "LinkedListInCollection", "LinkedListInCollection\LinkedListInCollection.csproj", "{2EA97C3C-2DB9-43F6-A4EF-B94159529792}"
EndProject
Global
	GlobalSection(SolutionConfigurationPlatforms) = preSolution
		Debug|Any CPU = Debug|Any CPU
		Release|Any CPU = Release|Any CPU
	EndGlobalSection
	GlobalSection(ProjectConfigurationPlatforms) = postSolution
		{2EA97C3C-2DB9-43F6-A4EF-B94159529792}.Debug|Any CPU.ActiveCfg = Debug|Any CPU
		{2EA97C3C-2DB9-43F6-A4EF-B94159529792}.Debug|Any CPU.Build.0 = Debug|Any CPU
		{2EA97C3C-2DB9-43F6-A4EF-B94159529792}.Release|Any CPU.ActiveCfg = Release|Any CPU
		{2EA97C3C-2DB9-43F6-A4EF-B94159529792}.Release|Any CPU.Build.0 = Release|Any CPU
	EndGlobalSection
	GlobalSection(SolutionProperties) = preSolution
		HideSolutionNode = FALSE
	EndGlobalSection
	GlobalSection(ExtensibilityGlobals) = postSolution
		SolutionGuid = {250A5B18-1133-4B51-8AA5-1950456A871C}
	EndGlobalSection
EndGlobal
